
Microsoft Visual Studio Solution File, Format Version 12.00
# Visual Studio Version 17
VisualStudioVersion = 17.9.34607.119
MinimumVisualStudioVersion = 10.0.40219.1
Project("{9A19103F-16F7-4668-BE54-9A1E7A4F7556}") = "ConsoleApp.OutputDemo", "ConsoleApp.OutputDemo\ConsoleApp.OutputDemo.csproj", "{45EFE0EF-6FB5-4A9D-9FD0-8015C224B536}"
EndProject
Project("{9A19103F-16F7-4668-BE54-9A1E7A4F7556}") = "ConsoleApp.VariableDemo", "ConsoleApp.VariableDemo\ConsoleApp.VariableDemo.csproj", "{AA2FFD52-95E7-4F1F-9FC1-E45910AA898B}"
EndProject
Project("{9A19103F-16F7-4668-BE54-9A1E7A4F7556}") = "ConsoleApp.UserInputsDemo", "ConsoleApp.UserInputsDemo\ConsoleApp.UserInputsDemo.csproj", "{4D796068-0CB9-4069-A317-B77F66C3528F}"
EndProject
Project("{9A19103F-16F7-4668-BE54-9A1E7A4F7556}") = "ConsoleAppOperators", "ConsoleAppOperators\ConsoleAppOperators.csproj", "{45E59ED1-E81D-4FDC-8344-A9080DD29C8A}"
EndProject
Project("{9A19103F-16F7-4668-BE54-9A1E7A4F7556}") = "ConsoleAppCondition", "ConsoleAppCondition\ConsoleAppCondition.csproj", "{3354B3CA-4E80-4D24-93CD-92CCC94CAF40}"
EndProject
Project("{9A19103F-16F7-4668-BE54-9A1E7A4F7556}") = "ConsoleAppSampleCalculator", "ConsoleAppSampleCalculator\ConsoleAppSampleCalculator.csproj", "{C4246991-305E-41D1-90B9-0B423B4408FB}"
EndProject
Project("{FAE04EC0-301F-11D3-BF4B-00C04F79EFBC}") = "ConsoleAppLoops", "ConsoleAppLoops\ConsoleAppLoops.csproj", "{80748783-8A8F-485C-B4A6-A3B380963321}"
EndProject
Global
	GlobalSection(SolutionConfigurationPlatforms) = preSolution
		Debug|Any CPU = Debug|Any CPU
		Release|Any CPU = Release|Any CPU
	EndGlobalSection
	GlobalSection(ProjectConfigurationPlatforms) = postSolution
		{45EFE0EF-6FB5-4A9D-9FD0-8015C224B536}.Debug|Any CPU.ActiveCfg = Debug|Any CPU
		{45EFE0EF-6FB5-4A9D-9FD0-8015C224B536}.Debug|Any CPU.Build.0 = Debug|Any CPU
		{45EFE0EF-6FB5-4A9D-9FD0-8015C224B536}.Release|Any CPU.ActiveCfg = Release|Any CPU
		{45EFE0EF-6FB5-4A9D-9FD0-8015C224B536}.Release|Any CPU.Build.0 = Release|Any CPU
		{AA2FFD52-95E7-4F1F-9FC1-E45910AA898B}.Debug|Any CPU.ActiveCfg = Debug|Any CPU
		{AA2FFD52-95E7-4F1F-9FC1-E45910AA898B}.Debug|Any CPU.Build.0 = Debug|Any CPU
		{AA2FFD52-95E7-4F1F-9FC1-E45910AA898B}.Release|Any CPU.ActiveCfg = Release|Any CPU
		{AA2FFD52-95E7-4F1F-9FC1-E45910AA898B}.Release|Any CPU.Build.0 = Release|Any CPU
		{4D796068-0CB9-4069-A317-B77F66C3528F}.Debug|Any CPU.ActiveCfg = Debug|Any CPU
		{4D796068-0CB9-4069-A317-B77F66C3528F}.Debug|Any CPU.Build.0 = Debug|Any CPU
		{4D796068-0CB9-4069-A317-B77F66C3528F}.Release|Any CPU.ActiveCfg = Release|Any CPU
		{4D796068-0CB9-4069-A317-B77F66C3528F}.Release|Any CPU.Build.0 = Release|Any CPU
		{45E59ED1-E81D-4FDC-8344-A9080DD29C8A}.Debug|Any CPU.ActiveCfg = Debug|Any CPU
		{45E59ED1-E81D-4FDC-8344-A9080DD29C8A}.Debug|Any CPU.Build.0 = Debug|Any CPU
		{45E59ED1-E81D-4FDC-8344-A9080DD29C8A}.Release|Any CPU.ActiveCfg = Release|Any CPU
		{45E59ED1-E81D-4FDC-8344-A9080DD29C8A}.Release|Any CPU.Build.0 = Release|Any CPU
		{3354B3CA-4E80-4D24-93CD-92CCC94CAF40}.Debug|Any CPU.ActiveCfg = Debug|Any CPU
		{3354B3CA-4E80-4D24-93CD-92CCC94CAF40}.Debug|Any CPU.Build.0 = Debug|Any CPU
		{3354B3CA-4E80-4D24-93CD-92CCC94CAF40}.Release|Any CPU.ActiveCfg = Release|Any CPU
		{3354B3CA-4E80-4D24-93CD-92CCC94CAF40}.Release|Any CPU.Build.0 = Release|Any CPU
		{C4246991-305E-41D1-90B9-0B423B4408FB}.Debug|Any CPU.ActiveCfg = Debug|Any CPU
		{C4246991-305E-41D1-90B9-0B423B4408FB}.Debug|Any CPU.Build.0 = Debug|Any CPU
		{C4246991-305E-41D1-90B9-0B423B4408FB}.Release|Any CPU.ActiveCfg = Release|Any CPU
		{C4246991-305E-41D1-90B9-0B423B4408FB}.Release|Any CPU.Build.0 = Release|Any CPU
		{80748783-8A8F-485C-B4A6-A3B380963321}.Debug|Any CPU.ActiveCfg = Debug|Any CPU
		{80748783-8A8F-485C-B4A6-A3B380963321}.Debug|Any CPU.Build.0 = Debug|Any CPU
		{80748783-8A8F-485C-B4A6-A3B380963321}.Release|Any CPU.ActiveCfg = Release|Any CPU
		{80748783-8A8F-485C-B4A6-A3B380963321}.Release|Any CPU.Build.0 = Release|Any CPU
	EndGlobalSection
	GlobalSection(SolutionProperties) = preSolution
		HideSolutionNode = FALSE
	EndGlobalSection
	GlobalSection(ExtensibilityGlobals) = postSolution
		SolutionGuid = {F7C18560-C87F-4A18-AFF2-B65FBCCD76CE}
	EndGlobalSection
EndGlobal
